
Microsoft Visual Studio Solution File, Format Version 12.00
# Visual Studio 14
VisualStudioVersion = 14.0.25420.1
MinimumVisualStudioVersion = 10.0.40219.1
Project("{8BC9CEB8-8B4A-11D0-8D11-00A0C91BC942}") = "untitled50", "untitled50.vcxproj", "{E264F909-B2AC-3CC7-9421-2C692D6AC953}"
EndProject
Global
	GlobalSection(SolutionConfigurationPlatforms) = preSolution
		Debug|x86 = Debug|x86
		Release|x86 = Release|x86
	EndGlobalSection
	GlobalSection(ProjectConfigurationPlatforms) = postSolution
		{E264F909-B2AC-3CC7-9421-2C692D6AC953}.Debug|x86.ActiveCfg = Debug|Win32
		{E264F909-B2AC-3CC7-9421-2C692D6AC953}.Debug|x86.Build.0 = Debug|Win32
		{E264F909-B2AC-3CC7-9421-2C692D6AC953}.Debug|x86.Deploy.0 = Debug|Win32
		{E264F909-B2AC-3CC7-9421-2C692D6AC953}.Release|x86.ActiveCfg = Release|Win32
		{E264F909-B2AC-3CC7-9421-2C692D6AC953}.Release|x86.Build.0 = Release|Win32
		{E264F909-B2AC-3CC7-9421-2C692D6AC953}.Release|x86.Deploy.0 = Release|Win32
	EndGlobalSection
	GlobalSection(SolutionProperties) = preSolution
		HideSolutionNode = FALSE
	EndGlobalSection
EndGlobal
